// !$*UTF8*$!
{
	archiveVersion = 1;
	classes = {
	};
	objectVersion = 50;
	objects = {

/* Begin PBXBuildFile section */
		3C39B9CC246EFD4A00DE7C99 /* AppDelegate.swift in Sources */ = {isa = PBXBuildFile; fileRef = 3C39B9CB246EFD4A00DE7C99 /* AppDelegate.swift */; };
		3C39B9CE246EFD4A00DE7C99 /* SceneDelegate.swift in Sources */ = {isa = PBXBuildFile; fileRef = 3C39B9CD246EFD4A00DE7C99 /* SceneDelegate.swift */; };
		3C39B9D0246EFD4A00DE7C99 /* ViewController.swift in Sources */ = {isa = PBXBuildFile; fileRef = 3C39B9CF246EFD4A00DE7C99 /* ViewController.swift */; };
		3C39B9D3246EFD4A00DE7C99 /* Main.storyboard in Resources */ = {isa = PBXBuildFile; fileRef = 3C39B9D1246EFD4A00DE7C99 /* Main.storyboard */; };
		3C39B9D5246EFD4C00DE7C99 /* Assets.xcassets in Resources */ = {isa = PBXBuildFile; fileRef = 3C39B9D4246EFD4C00DE7C99 /* Assets.xcassets */; };
		3C39B9D8246EFD4C00DE7C99 /* LaunchScreen.storyboard in Resources */ = {isa = PBXBuildFile; fileRef = 3C39B9D6246EFD4C00DE7C99 /* LaunchScreen.storyboard */; };
		3C39B9E0246EFD7200DE7C99 /* model.swift in Sources */ = {isa = PBXBuildFile; fileRef = 3C39B9DF246EFD7200DE7C99 /* model.swift */; };
/* End PBXBuildFile section */

/* Begin PBXFileReference section */
		3C39B9C8246EFD4A00DE7C99 /* assign3.app */ = {isa = PBXFileReference; explicitFileType = wrapper.application; includeInIndex = 0; path = assign3.app; sourceTree = BUILT_PRODUCTS_DIR; };
		3C39B9CB246EFD4A00DE7C99 /* AppDelegate.swift */ = {isa = PBXFileReference; lastKnownFileType = sourcecode.swift; path = AppDelegate.swift; sourceTree = "<group>"; };
		3C39B9CD246EFD4A00DE7C99 /* SceneDelegate.swift */ = {isa = PBXFileReference; lastKnownFileType = sourcecode.swift; path = SceneDelegate.swift; sourceTree = "<group>"; };
		3C39B9CF246EFD4A00DE7C99 /* ViewController.swift */ = {isa = PBXFileReference; lastKnownFileType = sourcecode.swift; path = ViewController.swift; sourceTree = "<group>"; };
		3C39B9D2246EFD4A00DE7C99 /* Base */ = {isa = PBXFileReference; lastKnownFileType = file.storyboard; name = Base; path = Base.lproj/Main.storyboard; sourceTree = "<group>"; };
		3C39B9D4246EFD4C00DE7C99 /* Assets.xcassets */ = {isa = PBXFileReference; lastKnownFileType = folder.assetcatalog; path = Assets.xcassets; sourceTree = "<group>"; };
		3C39B9D7246EFD4C00DE7C99 /* Base */ = {isa = PBXFileReference; lastKnownFileType = file.storyboard; name = Base; path = Base.lproj/LaunchScreen.storyboard; sourceTree = "<group>"; };
		3C39B9D9246EFD4C00DE7C99 /* Info.plist */ = {isa = PBXFileReference; lastKnownFileType = text.plist.xml; path = Info.plist; sourceTree = "<group>"; };
		3C39B9DF246EFD7200DE7C99 /* model.swift */ = {isa = PBXFileReference; lastKnownFileType = sourcecode.swift; path = model.swift; sourceTree = "<group>"; };
/* End PBXFileReference section */

/* Begin PBXFrameworksBuildPhase section */
		3C39B9C5246EFD4A00DE7C99 /* Frameworks */ = {
			isa = PBXFrameworksBuildPhase;
			buildActionMask = 2147483647;
			files = (
			);
			runOnlyForDeploymentPostprocessing = 0;
		};
/* End PBXFrameworksBuildPhase section */

/* Begin PBXGroup section */
		3C39B9BF246EFD4A00DE7C99 = {
			isa = PBXGroup;
			children = (
				3C39B9CA246EFD4A00DE7C99 /* assign3 */,
				3C39B9C9246EFD4A00DE7C99 /* Products */,
			);
			sourceTree = "<group>";
		};
		3C39B9C9246EFD4A00DE7C99 /* Products */ = {
			isa = PBXGroup;
			children = (
				3C39B9C8246EFD4A00DE7C99 /* assign3.app */,
			);
			name = Products;
			sourceTree = "<group>";
		};
		3C39B9CA246EFD4A00DE7C99 /* assign3 */ = {
			isa = PBXGroup;
			children = (
				3C39B9CB246EFD4A00DE7C99 /* AppDelegate.swift */,
				3C39B9CD246EFD4A00DE7C99 /* SceneDelegate.swift */,
				3C39B9CF246EFD4A00DE7C99 /* ViewController.swift */,
				3C39B9DF246EFD7200DE7C99 /* model.swift */,
				3C39B9D1246EFD4A00DE7C99 /* Main.storyboard */,
				3C39B9D4246EFD4C00DE7C99 /* Assets.xcassets */,
				3C39B9D6246EFD4C00DE7C99 /* LaunchScreen.storyboard */,
				3C39B9D9246EFD4C00DE7C99 /* Info.plist */,
			);
			path = assign3;
			sourceTree = "<group>";
		};
/* End PBXGroup section */

/* Begin PBXNativeTarget section */
		3C39B9C7246EFD4A00DE7C99 /* assign3 */ = {
			isa = PBXNativeTarget;
			buildConfigurationList = 3C39B9DC246EFD4C00DE7C99 /* Build configuration list for PBXNativeTarget "assign3" */;
			buildPhases = (
				3C39B9C4246EFD4A00DE7C99 /* Sources */,
				3C39B9C5246EFD4A00DE7C99 /* Frameworks */,
				3C39B9C6246EFD4A00DE7C99 /* Resources */,
			);
			buildRules = (
			);
			dependencies = (
			);
			name = assign3;
			productName = assign3;
			productReference = 3C39B9C8246EFD4A00DE7C99 /* assign3.app */;
			productType = "com.apple.product-type.application";
		};
/* End PBXNativeTarget section */

/* Begin PBXProject section */
		3C39B9C0246EFD4A00DE7C99 /* Project object */ = {
			isa = PBXProject;
			attributes = {
				LastSwiftUpdateCheck = 1140;
				LastUpgradeCheck = 1140;
				ORGANIZATIONNAME = "jina kang";
				TargetAttributes = {
					3C39B9C7246EFD4A00DE7C99 = {
						CreatedOnToolsVersion = 11.4.1;
					};
				};
			};
			buildConfigurationList = 3C39B9C3246EFD4A00DE7C99 /* Build configuration list for PBXProject "assign3" */;
			compatibilityVersion = "Xcode 9.3";
			developmentRegion = en;
			hasScannedForEncodings = 0;
			knownRegions = (
				en,
				Base,
			);
			mainGroup = 3C39B9BF246EFD4A00DE7C99;
			productRefGroup = 3C39B9C9246EFD4A00DE7C99 /* Products */;
			projectDirPath = "";
			projectRoot = "";
			targets = (
				3C39B9C7246EFD4A00DE7C99 /* assign3 */,
			);
		};
/* End PBXProject section */

/* Begin PBXResourcesBuildPhase section */
		3C39B9C6246EFD4A00DE7C99 /* Resources */ = {
			isa = PBXResourcesBuildPhase;
			buildActionMask = 2147483647;
			files = (
				3C39B9D8246EFD4C00DE7C99 /* LaunchScreen.storyboard in Resources */,
				3C39B9D5246EFD4C00DE7C99 /* Assets.xcassets in Resources */,
				3C39B9D3246EFD4A00DE7C99 /* Main.storyboard in Resources */,
			);
			runOnlyForDeploymentPostprocessing = 0;
		};
/* End PBXResourcesBuildPhase section */

/* Begin PBXSourcesBuildPhase section */
		3C39B9C4246EFD4A00DE7C99 /* Sources */ = {
			isa = PBXSourcesBuildPhase;
			buildActionMask = 2147483647;
			files = (
				3C39B9D0246EFD4A00DE7C99 /* ViewController.swift in Sources */,
				3C39B9CC246EFD4A00DE7C99 /* AppDelegate.swift in Sources */,
				3C39B9CE246EFD4A00DE7C99 /* SceneDelegate.swift in Sources */,
				3C39B9E0246EFD7200DE7C99 /* model.swift in Sources */,
			);
			runOnlyForDeploymentPostprocessing = 0;
		};
/* End PBXSourcesBuildPhase section */

/* Begin PBXVariantGroup section */
		3C39B9D1246EFD4A00DE7C99 /* Main.storyboard */ = {
			isa = PBXVariantGroup;
			children = (
				3C39B9D2246EFD4A00DE7C99 /* Base */,
			);
			name = Main.storyboard;
			sourceTree = "<group>";
		};
		3C39B9D6246EFD4C00DE7C99 /* LaunchScreen.storyboard */ = {
			isa = PBXVariantGroup;
			children = (
				3C39B9D7246EFD4C00DE7C99 /* Base */,
			);
			name = LaunchScreen.storyboard;
			sourceTree = "<group>";
		};
/* End PBXVariantGroup section */

/* Begin XCBuildConfiguration section */
		3C39B9DA246EFD4C00DE7C99 /* Debug */ = {
			isa = XCBuildConfiguration;
			buildSettings = {
				ALWAYS_SEARCH_USER_PATHS = NO;
				CLANG_ANALYZER_NONNULL = YES;
				CLANG_ANALYZER_NUMBER_OBJECT_CONVERSION = YES_AGGRESSIVE;
				CLANG_CXX_LANGUAGE_STANDARD = "gnu++14";
				CLANG_CXX_LIBRARY = "libc++";
				CLANG_ENABLE_MODULES = YES;
				CLANG_ENABLE_OBJC_ARC = YES;
				CLANG_ENABLE_OBJC_WEAK = YES;
				CLANG_WARN_BLOCK_CAPTURE_AUTORELEASING = YES;
				CLANG_WARN_BOOL_CONVERSION = YES;
				CLANG_WARN_COMMA = YES;
				CLANG_WARN_CONSTANT_CONVERSION = YES;
				CLANG_WARN_DEPRECATED_OBJC_IMPLEMENTATIONS = YES;
				CLANG_WARN_DIRECT_OBJC_ISA_USAGE = YES_ERROR;
				CLANG_WARN_DOCUMENTATION_COMMENTS = YES;
				CLANG_WARN_EMPTY_BODY = YES;
				CLANG_WARN_ENUM_CONVERSION = YES;
				CLANG_WARN_INFINITE_RECURSION = YES;
				CLANG_WARN_INT_CONVERSION = YES;
				CLANG_WARN_NON_LITERAL_NULL_CONVERSION = YES;
				CLANG_WARN_OBJC_IMPLICIT_RETAIN_SELF = YES;
				CLANG_WARN_OBJC_LITERAL_CONVERSION = YES;
				CLANG_WARN_OBJC_ROOT_CLASS = YES_ERROR;
				CLANG_WARN_RANGE_LOOP_ANALYSIS = YES;
				CLANG_WARN_STRICT_PROTOTYPES = YES;
				CLANG_WARN_SUSPICIOUS_MOVE = YES;
				CLANG_WARN_UNGUARDED_AVAILABILITY = YES_AGGRESSIVE;
				CLANG_WARN_UNREACHABLE_CODE = YES;
				CLANG_WARN__DUPLICATE_METHOD_MATCH = YES;
				COPY_PHASE_STRIP = NO;
				DEBUG_INFORMATION_FORMAT = dwarf;
				ENABLE_STRICT_OBJC_MSGSEND = YES;
				ENABLE_TESTABILITY = YES;
				GCC_C_LANGUAGE_STANDARD = gnu11;
				GCC_DYNAMIC_NO_PIC = NO;
				GCC_NO_COMMON_BLOCKS = YES;
				GCC_OPTIMIZATION_LEVEL = 0;
				GCC_PREPROCESSOR_DEFINITIONS = (
					"DEBUG=1",
					"$(inherited)",
				);
				GCC_WARN_64_TO_32_BIT_CONVERSION = YES;
				GCC_WARN_ABOUT_RETURN_TYPE = YES_ERROR;
				GCC_WARN_UNDECLARED_SELECTOR = YES;
				GCC_WARN_UNINITIALIZED_AUTOS = YES_AGGRESSIVE;
				GCC_WARN_UNUSED_FUNCTION = YES;
				GCC_WARN_UNUSED_VARIABLE = YES;
				IPHONEOS_DEPLOYMENT_TARGET = 13.4;
				MTL_ENABLE_DEBUG_INFO = INCLUDE_SOURCE;
				MTL_FAST_MATH = YES;
				ONLY_ACTIVE_ARCH = YES;
				SDKROOT = iphoneos;
				SWIFT_ACTIVE_COMPILATION_CONDITIONS = DEBUG;
				SWIFT_OPTIMIZATION_LEVEL = "-Onone";
			};
			name = Debug;
		};
		3C39B9DB246EFD4C00DE7C99 /* Release */ = {
			isa = XCBuildConfiguration;
			buildSettings = {
				ALWAYS_SEARCH_USER_PATHS = NO;
				CLANG_ANALYZER_NONNULL = YES;
				CLANG_ANALYZER_NUMBER_OBJECT_CONVERSION = YES_AGGRESSIVE;
				CLANG_CXX_LANGUAGE_STANDARD = "gnu++14";
				CLANG_CXX_LIBRARY = "libc++";
				CLANG_ENABLE_MODULES = YES;
				CLANG_ENABLE_OBJC_ARC = YES;
				CLANG_ENABLE_OBJC_WEAK = YES;
				CLANG_WARN_BLOCK_CAPTURE_AUTORELEASING = YES;
				CLANG_WARN_BOOL_CONVERSION = YES;
				CLANG_WARN_COMMA = YES;
				CLANG_WARN_CONSTANT_CONVERSION = YES;
				CLANG_WARN_DEPRECATED_OBJC_IMPLEMENTATIONS = YES;
				CLANG_WARN_DIRECT_OBJC_ISA_USAGE = YES_ERROR;
				CLANG_WARN_DOCUMENTATION_COMMENTS = YES;
				CLANG_WARN_EMPTY_BODY = YES;
				CLANG_WARN_ENUM_CONVERSION = YES;
				CLANG_WARN_INFINITE_RECURSION = YES;
				CLANG_WARN_INT_CONVERSION = YES;
				CLANG_WARN_NON_LITERAL_NULL_CONVERSION = YES;
				CLANG_WARN_OBJC_IMPLICIT_RETAIN_SELF = YES;
				CLANG_WARN_OBJC_LITERAL_CONVERSION = YES;
				CLANG_WARN_OBJC_ROOT_CLASS = YES_ERROR;
				CLANG_WARN_RANGE_LOOP_ANALYSIS = YES;
				CLANG_WARN_STRICT_PROTOTYPES = YES;
				CLANG_WARN_SUSPICIOUS_MOVE = YES;
				CLANG_WARN_UNGUARDED_AVAILABILITY = YES_AGGRESSIVE;
				CLANG_WARN_UNREACHABLE_CODE = YES;
				CLANG_WARN__DUPLICATE_METHOD_MATCH = YES;
				COPY_PHASE_STRIP = NO;
				DEBUG_INFORMATION_FORMAT = "dwarf-with-dsym";
				ENABLE_NS_ASSERTIONS = NO;
				ENABLE_STRICT_OBJC_MSGSEND = YES;
				GCC_C_LANGUAGE_STANDARD = gnu11;
				GCC_NO_COMMON_BLOCKS = YES;
				GCC_WARN_64_TO_32_BIT_CONVERSION = YES;
				GCC_WARN_ABOUT_RETURN_TYPE = YES_ERROR;
				GCC_WARN_UNDECLARED_SELECTOR = YES;
				GCC_WARN_UNINITIALIZED_AUTOS = YES_AGGRESSIVE;
				GCC_WARN_UNUSED_FUNCTION = YES;
				GCC_WARN_UNUSED_VARIABLE = YES;
				IPHONEOS_DEPLOYMENT_TARGET = 13.4;
				MTL_ENABLE_DEBUG_INFO = NO;
				MTL_FAST_MATH = YES;
				SDKROOT = iphoneos;
				SWIFT_COMPILATION_MODE = wholemodule;
				SWIFT_OPTIMIZATION_LEVEL = "-O";
				VALIDATE_PRODUCT = YES;
			};
			name = Release;
		};
		3C39B9DD246EFD4C00DE7C99 /* Debug */ = {
			isa = XCBuildConfiguration;
			buildSettings = {
				ASSETCATALOG_COMPILER_APPICON_NAME = AppIcon;
				CODE_SIGN_STYLE = Automatic;
				INFOPLIST_FILE = assign3/Info.plist;
				LD_RUNPATH_SEARCH_PATHS = (
					"$(inherited)",
					"@executable_path/Frameworks",
				);
				PRODUCT_BUNDLE_IDENTIFIER = edu.umd.jkang427.assign3;
				PRODUCT_NAME = "$(TARGET_NAME)";
				SWIFT_VERSION = 5.0;
				TARGETED_DEVICE_FAMILY = "1,2";
			};
			name = Debug;
		};
		3C39B9DE246EFD4C00DE7C99 /* Release */ = {
			isa = XCBuildConfiguration;
			buildSettings = {
				ASSETCATALOG_COMPILER_APPICON_NAME = AppIcon;
				CODE_SIGN_STYLE = Automatic;
				INFOPLIST_FILE = assign3/Info.plist;
				LD_RUNPATH_SEARCH_PATHS = (
					"$(inherited)",
					"@executable_path/Frameworks",
				);
				PRODUCT_BUNDLE_IDENTIFIER = edu.umd.jkang427.assign3;
				PRODUCT_NAME = "$(TARGET_NAME)";
				SWIFT_VERSION = 5.0;
				TARGETED_DEVICE_FAMILY = "1,2";
			};
			name = Release;
		};
/* End XCBuildConfiguration section */

/* Begin XCConfigurationList section */
		3C39B9C3246EFD4A00DE7C99 /* Build configuration list for PBXProject "assign3" */ = {
			isa = XCConfigurationList;
			buildConfigurations = (
				3C39B9DA246EFD4C00DE7C99 /* Debug */,
				3C39B9DB246EFD4C00DE7C99 /* Release */,
			);
			defaultConfigurationIsVisible = 0;
			defaultConfigurationName = Release;
		};
		3C39B9DC246EFD4C00DE7C99 /* Build configuration list for PBXNativeTarget "assign3" */ = {
			isa = XCConfigurationList;
			buildConfigurations = (
				3C39B9DD246EFD4C00DE7C99 /* Debug */,
				3C39B9DE246EFD4C00DE7C99 /* Release */,
			);
			defaultConfigurationIsVisible = 0;
			defaultConfigurationName = Release;
		};
/* End XCConfigurationList section */
	};
	rootObject = 3C39B9C0246EFD4A00DE7C99 /* Project object */;
}
