// !$*UTF8*$!
{
	archiveVersion = 1;
	classes = {
	};
	objectVersion = 50;
	objects = {

/* Begin PBXBuildFile section */
		3CB7EDFE24537DA100BA4161 /* AppDelegate.swift in Sources */ = {isa = PBXBuildFile; fileRef = 3CB7EDFD24537DA100BA4161 /* AppDelegate.swift */; };
		3CB7EE0024537DA100BA4161 /* DocumentBrowserViewController.swift in Sources */ = {isa = PBXBuildFile; fileRef = 3CB7EDFF24537DA100BA4161 /* DocumentBrowserViewController.swift */; };
		3CB7EE0224537DA100BA4161 /* Assign4Controller.swift in Sources */ = {isa = PBXBuildFile; fileRef = 3CB7EE0124537DA100BA4161 /* Assign4Controller.swift */; };
		3CB7EE0424537DA100BA4161 /* Assign4Document.swift in Sources */ = {isa = PBXBuildFile; fileRef = 3CB7EE0324537DA100BA4161 /* Assign4Document.swift */; };
		3CB7EE0724537DA100BA4161 /* Main.storyboard in Resources */ = {isa = PBXBuildFile; fileRef = 3CB7EE0524537DA100BA4161 /* Main.storyboard */; };
		3CB7EE0924537DA200BA4161 /* Assets.xcassets in Resources */ = {isa = PBXBuildFile; fileRef = 3CB7EE0824537DA200BA4161 /* Assets.xcassets */; };
		3CB7EE0C24537DA200BA4161 /* LaunchScreen.storyboard in Resources */ = {isa = PBXBuildFile; fileRef = 3CB7EE0A24537DA200BA4161 /* LaunchScreen.storyboard */; };
		3CB7EE14245382AE00BA4161 /* Assign4View.swift in Sources */ = {isa = PBXBuildFile; fileRef = 3CB7EE13245382AE00BA4161 /* Assign4View.swift */; };
		3CB7EE16245382F000BA4161 /* Assign4Container.swift in Sources */ = {isa = PBXBuildFile; fileRef = 3CB7EE15245382F000BA4161 /* Assign4Container.swift */; };
/* End PBXBuildFile section */

/* Begin PBXFileReference section */
		3CB7EDFA24537DA100BA4161 /* assign4.app */ = {isa = PBXFileReference; explicitFileType = wrapper.application; includeInIndex = 0; path = assign4.app; sourceTree = BUILT_PRODUCTS_DIR; };
		3CB7EDFD24537DA100BA4161 /* AppDelegate.swift */ = {isa = PBXFileReference; lastKnownFileType = sourcecode.swift; path = AppDelegate.swift; sourceTree = "<group>"; };
		3CB7EDFF24537DA100BA4161 /* DocumentBrowserViewController.swift */ = {isa = PBXFileReference; lastKnownFileType = sourcecode.swift; path = DocumentBrowserViewController.swift; sourceTree = "<group>"; };
		3CB7EE0124537DA100BA4161 /* Assign4Controller.swift */ = {isa = PBXFileReference; lastKnownFileType = sourcecode.swift; path = Assign4Controller.swift; sourceTree = "<group>"; };
		3CB7EE0324537DA100BA4161 /* Assign4Document.swift */ = {isa = PBXFileReference; lastKnownFileType = sourcecode.swift; path = Assign4Document.swift; sourceTree = "<group>"; };
		3CB7EE0624537DA100BA4161 /* Base */ = {isa = PBXFileReference; lastKnownFileType = file.storyboard; name = Base; path = Base.lproj/Main.storyboard; sourceTree = "<group>"; };
		3CB7EE0824537DA200BA4161 /* Assets.xcassets */ = {isa = PBXFileReference; lastKnownFileType = folder.assetcatalog; path = Assets.xcassets; sourceTree = "<group>"; };
		3CB7EE0B24537DA200BA4161 /* Base */ = {isa = PBXFileReference; lastKnownFileType = file.storyboard; name = Base; path = Base.lproj/LaunchScreen.storyboard; sourceTree = "<group>"; };
		3CB7EE0D24537DA200BA4161 /* Info.plist */ = {isa = PBXFileReference; lastKnownFileType = text.plist.xml; path = Info.plist; sourceTree = "<group>"; };
		3CB7EE13245382AE00BA4161 /* Assign4View.swift */ = {isa = PBXFileReference; lastKnownFileType = sourcecode.swift; path = Assign4View.swift; sourceTree = "<group>"; };
		3CB7EE15245382F000BA4161 /* Assign4Container.swift */ = {isa = PBXFileReference; lastKnownFileType = sourcecode.swift; path = Assign4Container.swift; sourceTree = "<group>"; };
/* End PBXFileReference section */

/* Begin PBXFrameworksBuildPhase section */
		3CB7EDF724537DA100BA4161 /* Frameworks */ = {
			isa = PBXFrameworksBuildPhase;
			buildActionMask = 2147483647;
			files = (
			);
			runOnlyForDeploymentPostprocessing = 0;
		};
/* End PBXFrameworksBuildPhase section */

/* Begin PBXGroup section */
		3CB7EDF124537DA100BA4161 = {
			isa = PBXGroup;
			children = (
				3CB7EDFC24537DA100BA4161 /* assign4 */,
				3CB7EDFB24537DA100BA4161 /* Products */,
			);
			sourceTree = "<group>";
		};
		3CB7EDFB24537DA100BA4161 /* Products */ = {
			isa = PBXGroup;
			children = (
				3CB7EDFA24537DA100BA4161 /* assign4.app */,
			);
			name = Products;
			sourceTree = "<group>";
		};
		3CB7EDFC24537DA100BA4161 /* assign4 */ = {
			isa = PBXGroup;
			children = (
				3CB7EDFD24537DA100BA4161 /* AppDelegate.swift */,
				3CB7EDFF24537DA100BA4161 /* DocumentBrowserViewController.swift */,
				3CB7EE0124537DA100BA4161 /* Assign4Controller.swift */,
				3CB7EE13245382AE00BA4161 /* Assign4View.swift */,
				3CB7EE15245382F000BA4161 /* Assign4Container.swift */,
				3CB7EE0324537DA100BA4161 /* Assign4Document.swift */,
				3CB7EE0524537DA100BA4161 /* Main.storyboard */,
				3CB7EE0824537DA200BA4161 /* Assets.xcassets */,
				3CB7EE0A24537DA200BA4161 /* LaunchScreen.storyboard */,
				3CB7EE0D24537DA200BA4161 /* Info.plist */,
			);
			path = assign4;
			sourceTree = "<group>";
		};
/* End PBXGroup section */

/* Begin PBXNativeTarget section */
		3CB7EDF924537DA100BA4161 /* assign4 */ = {
			isa = PBXNativeTarget;
			buildConfigurationList = 3CB7EE1024537DA200BA4161 /* Build configuration list for PBXNativeTarget "assign4" */;
			buildPhases = (
				3CB7EDF624537DA100BA4161 /* Sources */,
				3CB7EDF724537DA100BA4161 /* Frameworks */,
				3CB7EDF824537DA100BA4161 /* Resources */,
			);
			buildRules = (
			);
			dependencies = (
			);
			name = assign4;
			productName = assign4;
			productReference = 3CB7EDFA24537DA100BA4161 /* assign4.app */;
			productType = "com.apple.product-type.application";
		};
/* End PBXNativeTarget section */

/* Begin PBXProject section */
		3CB7EDF224537DA100BA4161 /* Project object */ = {
			isa = PBXProject;
			attributes = {
				LastSwiftUpdateCheck = 1140;
				LastUpgradeCheck = 1140;
				ORGANIZATIONNAME = "jina kang";
				TargetAttributes = {
					3CB7EDF924537DA100BA4161 = {
						CreatedOnToolsVersion = 11.4.1;
					};
				};
			};
			buildConfigurationList = 3CB7EDF524537DA100BA4161 /* Build configuration list for PBXProject "assign4" */;
			compatibilityVersion = "Xcode 9.3";
			developmentRegion = en;
			hasScannedForEncodings = 0;
			knownRegions = (
				en,
				Base,
			);
			mainGroup = 3CB7EDF124537DA100BA4161;
			productRefGroup = 3CB7EDFB24537DA100BA4161 /* Products */;
			projectDirPath = "";
			projectRoot = "";
			targets = (
				3CB7EDF924537DA100BA4161 /* assign4 */,
			);
		};
/* End PBXProject section */

/* Begin PBXResourcesBuildPhase section */
		3CB7EDF824537DA100BA4161 /* Resources */ = {
			isa = PBXResourcesBuildPhase;
			buildActionMask = 2147483647;
			files = (
				3CB7EE0C24537DA200BA4161 /* LaunchScreen.storyboard in Resources */,
				3CB7EE0924537DA200BA4161 /* Assets.xcassets in Resources */,
				3CB7EE0724537DA100BA4161 /* Main.storyboard in Resources */,
			);
			runOnlyForDeploymentPostprocessing = 0;
		};
/* End PBXResourcesBuildPhase section */

/* Begin PBXSourcesBuildPhase section */
		3CB7EDF624537DA100BA4161 /* Sources */ = {
			isa = PBXSourcesBuildPhase;
			buildActionMask = 2147483647;
			files = (
				3CB7EE0424537DA100BA4161 /* Assign4Document.swift in Sources */,
				3CB7EE0224537DA100BA4161 /* Assign4Controller.swift in Sources */,
				3CB7EE0024537DA100BA4161 /* DocumentBrowserViewController.swift in Sources */,
				3CB7EE16245382F000BA4161 /* Assign4Container.swift in Sources */,
				3CB7EE14245382AE00BA4161 /* Assign4View.swift in Sources */,
				3CB7EDFE24537DA100BA4161 /* AppDelegate.swift in Sources */,
			);
			runOnlyForDeploymentPostprocessing = 0;
		};
/* End PBXSourcesBuildPhase section */

/* Begin PBXVariantGroup section */
		3CB7EE0524537DA100BA4161 /* Main.storyboard */ = {
			isa = PBXVariantGroup;
			children = (
				3CB7EE0624537DA100BA4161 /* Base */,
			);
			name = Main.storyboard;
			sourceTree = "<group>";
		};
		3CB7EE0A24537DA200BA4161 /* LaunchScreen.storyboard */ = {
			isa = PBXVariantGroup;
			children = (
				3CB7EE0B24537DA200BA4161 /* Base */,
			);
			name = LaunchScreen.storyboard;
			sourceTree = "<group>";
		};
/* End PBXVariantGroup section */

/* Begin XCBuildConfiguration section */
		3CB7EE0E24537DA200BA4161 /* Debug */ = {
			isa = XCBuildConfiguration;
			buildSettings = {
				ALWAYS_SEARCH_USER_PATHS = NO;
				CLANG_ANALYZER_NONNULL = YES;
				CLANG_ANALYZER_NUMBER_OBJECT_CONVERSION = YES_AGGRESSIVE;
				CLANG_CXX_LANGUAGE_STANDARD = "gnu++14";
				CLANG_CXX_LIBRARY = "libc++";
				CLANG_ENABLE_MODULES = YES;
				CLANG_ENABLE_OBJC_ARC = YES;
				CLANG_ENABLE_OBJC_WEAK = YES;
				CLANG_WARN_BLOCK_CAPTURE_AUTORELEASING = YES;
				CLANG_WARN_BOOL_CONVERSION = YES;
				CLANG_WARN_COMMA = YES;
				CLANG_WARN_CONSTANT_CONVERSION = YES;
				CLANG_WARN_DEPRECATED_OBJC_IMPLEMENTATIONS = YES;
				CLANG_WARN_DIRECT_OBJC_ISA_USAGE = YES_ERROR;
				CLANG_WARN_DOCUMENTATION_COMMENTS = YES;
				CLANG_WARN_EMPTY_BODY = YES;
				CLANG_WARN_ENUM_CONVERSION = YES;
				CLANG_WARN_INFINITE_RECURSION = YES;
				CLANG_WARN_INT_CONVERSION = YES;
				CLANG_WARN_NON_LITERAL_NULL_CONVERSION = YES;
				CLANG_WARN_OBJC_IMPLICIT_RETAIN_SELF = YES;
				CLANG_WARN_OBJC_LITERAL_CONVERSION = YES;
				CLANG_WARN_OBJC_ROOT_CLASS = YES_ERROR;
				CLANG_WARN_RANGE_LOOP_ANALYSIS = YES;
				CLANG_WARN_STRICT_PROTOTYPES = YES;
				CLANG_WARN_SUSPICIOUS_MOVE = YES;
				CLANG_WARN_UNGUARDED_AVAILABILITY = YES_AGGRESSIVE;
				CLANG_WARN_UNREACHABLE_CODE = YES;
				CLANG_WARN__DUPLICATE_METHOD_MATCH = YES;
				COPY_PHASE_STRIP = NO;
				DEBUG_INFORMATION_FORMAT = dwarf;
				ENABLE_STRICT_OBJC_MSGSEND = YES;
				ENABLE_TESTABILITY = YES;
				GCC_C_LANGUAGE_STANDARD = gnu11;
				GCC_DYNAMIC_NO_PIC = NO;
				GCC_NO_COMMON_BLOCKS = YES;
				GCC_OPTIMIZATION_LEVEL = 0;
				GCC_PREPROCESSOR_DEFINITIONS = (
					"DEBUG=1",
					"$(inherited)",
				);
				GCC_WARN_64_TO_32_BIT_CONVERSION = YES;
				GCC_WARN_ABOUT_RETURN_TYPE = YES_ERROR;
				GCC_WARN_UNDECLARED_SELECTOR = YES;
				GCC_WARN_UNINITIALIZED_AUTOS = YES_AGGRESSIVE;
				GCC_WARN_UNUSED_FUNCTION = YES;
				GCC_WARN_UNUSED_VARIABLE = YES;
				IPHONEOS_DEPLOYMENT_TARGET = 13.4;
				MTL_ENABLE_DEBUG_INFO = INCLUDE_SOURCE;
				MTL_FAST_MATH = YES;
				ONLY_ACTIVE_ARCH = YES;
				SDKROOT = iphoneos;
				SWIFT_ACTIVE_COMPILATION_CONDITIONS = DEBUG;
				SWIFT_OPTIMIZATION_LEVEL = "-Onone";
			};
			name = Debug;
		};
		3CB7EE0F24537DA200BA4161 /* Release */ = {
			isa = XCBuildConfiguration;
			buildSettings = {
				ALWAYS_SEARCH_USER_PATHS = NO;
				CLANG_ANALYZER_NONNULL = YES;
				CLANG_ANALYZER_NUMBER_OBJECT_CONVERSION = YES_AGGRESSIVE;
				CLANG_CXX_LANGUAGE_STANDARD = "gnu++14";
				CLANG_CXX_LIBRARY = "libc++";
				CLANG_ENABLE_MODULES = YES;
				CLANG_ENABLE_OBJC_ARC = YES;
				CLANG_ENABLE_OBJC_WEAK = YES;
				CLANG_WARN_BLOCK_CAPTURE_AUTORELEASING = YES;
				CLANG_WARN_BOOL_CONVERSION = YES;
				CLANG_WARN_COMMA = YES;
				CLANG_WARN_CONSTANT_CONVERSION = YES;
				CLANG_WARN_DEPRECATED_OBJC_IMPLEMENTATIONS = YES;
				CLANG_WARN_DIRECT_OBJC_ISA_USAGE = YES_ERROR;
				CLANG_WARN_DOCUMENTATION_COMMENTS = YES;
				CLANG_WARN_EMPTY_BODY = YES;
				CLANG_WARN_ENUM_CONVERSION = YES;
				CLANG_WARN_INFINITE_RECURSION = YES;
				CLANG_WARN_INT_CONVERSION = YES;
				CLANG_WARN_NON_LITERAL_NULL_CONVERSION = YES;
				CLANG_WARN_OBJC_IMPLICIT_RETAIN_SELF = YES;
				CLANG_WARN_OBJC_LITERAL_CONVERSION = YES;
				CLANG_WARN_OBJC_ROOT_CLASS = YES_ERROR;
				CLANG_WARN_RANGE_LOOP_ANALYSIS = YES;
				CLANG_WARN_STRICT_PROTOTYPES = YES;
				CLANG_WARN_SUSPICIOUS_MOVE = YES;
				CLANG_WARN_UNGUARDED_AVAILABILITY = YES_AGGRESSIVE;
				CLANG_WARN_UNREACHABLE_CODE = YES;
				CLANG_WARN__DUPLICATE_METHOD_MATCH = YES;
				COPY_PHASE_STRIP = NO;
				DEBUG_INFORMATION_FORMAT = "dwarf-with-dsym";
				ENABLE_NS_ASSERTIONS = NO;
				ENABLE_STRICT_OBJC_MSGSEND = YES;
				GCC_C_LANGUAGE_STANDARD = gnu11;
				GCC_NO_COMMON_BLOCKS = YES;
				GCC_WARN_64_TO_32_BIT_CONVERSION = YES;
				GCC_WARN_ABOUT_RETURN_TYPE = YES_ERROR;
				GCC_WARN_UNDECLARED_SELECTOR = YES;
				GCC_WARN_UNINITIALIZED_AUTOS = YES_AGGRESSIVE;
				GCC_WARN_UNUSED_FUNCTION = YES;
				GCC_WARN_UNUSED_VARIABLE = YES;
				IPHONEOS_DEPLOYMENT_TARGET = 13.4;
				MTL_ENABLE_DEBUG_INFO = NO;
				MTL_FAST_MATH = YES;
				SDKROOT = iphoneos;
				SWIFT_COMPILATION_MODE = wholemodule;
				SWIFT_OPTIMIZATION_LEVEL = "-O";
				VALIDATE_PRODUCT = YES;
			};
			name = Release;
		};
		3CB7EE1124537DA200BA4161 /* Debug */ = {
			isa = XCBuildConfiguration;
			buildSettings = {
				ASSETCATALOG_COMPILER_APPICON_NAME = AppIcon;
				CODE_SIGN_STYLE = Automatic;
				INFOPLIST_FILE = assign4/Info.plist;
				LD_RUNPATH_SEARCH_PATHS = (
					"$(inherited)",
					"@executable_path/Frameworks",
				);
				PRODUCT_BUNDLE_IDENTIFIER = edu.umd.jkang427.assign4;
				PRODUCT_NAME = "$(TARGET_NAME)";
				SWIFT_VERSION = 5.0;
				TARGETED_DEVICE_FAMILY = "1,2";
			};
			name = Debug;
		};
		3CB7EE1224537DA200BA4161 /* Release */ = {
			isa = XCBuildConfiguration;
			buildSettings = {
				ASSETCATALOG_COMPILER_APPICON_NAME = AppIcon;
				CODE_SIGN_STYLE = Automatic;
				INFOPLIST_FILE = assign4/Info.plist;
				LD_RUNPATH_SEARCH_PATHS = (
					"$(inherited)",
					"@executable_path/Frameworks",
				);
				PRODUCT_BUNDLE_IDENTIFIER = edu.umd.jkang427.assign4;
				PRODUCT_NAME = "$(TARGET_NAME)";
				SWIFT_VERSION = 5.0;
				TARGETED_DEVICE_FAMILY = "1,2";
			};
			name = Release;
		};
/* End XCBuildConfiguration section */

/* Begin XCConfigurationList section */
		3CB7EDF524537DA100BA4161 /* Build configuration list for PBXProject "assign4" */ = {
			isa = XCConfigurationList;
			buildConfigurations = (
				3CB7EE0E24537DA200BA4161 /* Debug */,
				3CB7EE0F24537DA200BA4161 /* Release */,
			);
			defaultConfigurationIsVisible = 0;
			defaultConfigurationName = Release;
		};
		3CB7EE1024537DA200BA4161 /* Build configuration list for PBXNativeTarget "assign4" */ = {
			isa = XCConfigurationList;
			buildConfigurations = (
				3CB7EE1124537DA200BA4161 /* Debug */,
				3CB7EE1224537DA200BA4161 /* Release */,
			);
			defaultConfigurationIsVisible = 0;
			defaultConfigurationName = Release;
		};
/* End XCConfigurationList section */
	};
	rootObject = 3CB7EDF224537DA100BA4161 /* Project object */;
}
